
Microsoft Visual Studio Solution File, Format Version 12.00
# Visual Studio Version 16
VisualStudioVersion = 16.0.29123.89
MinimumVisualStudioVersion = 10.0.40219.1
Project("{9A19103F-16F7-4668-BE54-9A1E7A4F7556}") = "SquareScape.Server", "SquareScape.Server\SquareScape.Server.csproj", "{8F8935AD-F67C-472A-BE3D-373C0B95ABA4}"
EndProject
Project("{9A19103F-16F7-4668-BE54-9A1E7A4F7556}") = "SquareScape.Server.UnitTests", "SquareScape.Server.UnitTests\SquareScape.Server.UnitTests.csproj", "{CE538752-1E14-449D-A2FF-7E73C7D1DDFF}"
EndProject
Project("{9A19103F-16F7-4668-BE54-9A1E7A4F7556}") = "SquareScape.Console", "SquareScape.Console\SquareScape.Console.csproj", "{60FC3C78-15AA-4124-8295-C52E70E8D0F1}"
EndProject
Project("{9A19103F-16F7-4668-BE54-9A1E7A4F7556}") = "SquareScape.Shared", "SquareScape.Shared\SquareScape.Shared.csproj", "{A264DB97-4E2B-4D74-8CFB-059EFEB97964}"
EndProject
Project("{FAE04EC0-301F-11D3-BF4B-00C04F79EFBC}") = "SquareScape.Client", "SquareScape.Client\SquareScape.Client.csproj", "{007297BB-D56B-4A13-9314-F522CA51A131}"
EndProject
Global
	GlobalSection(SolutionConfigurationPlatforms) = preSolution
		Debug|Any CPU = Debug|Any CPU
		Debug|ARM = Debug|ARM
		Debug|ARM64 = Debug|ARM64
		Debug|x64 = Debug|x64
		Debug|x86 = Debug|x86
		Release|Any CPU = Release|Any CPU
		Release|ARM = Release|ARM
		Release|ARM64 = Release|ARM64
		Release|x64 = Release|x64
		Release|x86 = Release|x86
	EndGlobalSection
	GlobalSection(ProjectConfigurationPlatforms) = postSolution
		{8F8935AD-F67C-472A-BE3D-373C0B95ABA4}.Debug|Any CPU.ActiveCfg = Debug|Any CPU
		{8F8935AD-F67C-472A-BE3D-373C0B95ABA4}.Debug|Any CPU.Build.0 = Debug|Any CPU
		{8F8935AD-F67C-472A-BE3D-373C0B95ABA4}.Debug|ARM.ActiveCfg = Debug|Any CPU
		{8F8935AD-F67C-472A-BE3D-373C0B95ABA4}.Debug|ARM.Build.0 = Debug|Any CPU
		{8F8935AD-F67C-472A-BE3D-373C0B95ABA4}.Debug|ARM64.ActiveCfg = Debug|Any CPU
		{8F8935AD-F67C-472A-BE3D-373C0B95ABA4}.Debug|ARM64.Build.0 = Debug|Any CPU
		{8F8935AD-F67C-472A-BE3D-373C0B95ABA4}.Debug|x64.ActiveCfg = Debug|Any CPU
		{8F8935AD-F67C-472A-BE3D-373C0B95ABA4}.Debug|x64.Build.0 = Debug|Any CPU
		{8F8935AD-F67C-472A-BE3D-373C0B95ABA4}.Debug|x86.ActiveCfg = Debug|Any CPU
		{8F8935AD-F67C-472A-BE3D-373C0B95ABA4}.Debug|x86.Build.0 = Debug|Any CPU
		{8F8935AD-F67C-472A-BE3D-373C0B95ABA4}.Release|Any CPU.ActiveCfg = Release|Any CPU
		{8F8935AD-F67C-472A-BE3D-373C0B95ABA4}.Release|Any CPU.Build.0 = Release|Any CPU
		{8F8935AD-F67C-472A-BE3D-373C0B95ABA4}.Release|ARM.ActiveCfg = Release|Any CPU
		{8F8935AD-F67C-472A-BE3D-373C0B95ABA4}.Release|ARM.Build.0 = Release|Any CPU
		{8F8935AD-F67C-472A-BE3D-373C0B95ABA4}.Release|ARM64.ActiveCfg = Release|Any CPU
		{8F8935AD-F67C-472A-BE3D-373C0B95ABA4}.Release|ARM64.Build.0 = Release|Any CPU
		{8F8935AD-F67C-472A-BE3D-373C0B95ABA4}.Release|x64.ActiveCfg = Release|Any CPU
		{8F8935AD-F67C-472A-BE3D-373C0B95ABA4}.Release|x64.Build.0 = Release|Any CPU
		{8F8935AD-F67C-472A-BE3D-373C0B95ABA4}.Release|x86.ActiveCfg = Release|Any CPU
		{8F8935AD-F67C-472A-BE3D-373C0B95ABA4}.Release|x86.Build.0 = Release|Any CPU
		{CE538752-1E14-449D-A2FF-7E73C7D1DDFF}.Debug|Any CPU.ActiveCfg = Debug|Any CPU
		{CE538752-1E14-449D-A2FF-7E73C7D1DDFF}.Debug|Any CPU.Build.0 = Debug|Any CPU
		{CE538752-1E14-449D-A2FF-7E73C7D1DDFF}.Debug|ARM.ActiveCfg = Debug|Any CPU
		{CE538752-1E14-449D-A2FF-7E73C7D1DDFF}.Debug|ARM.Build.0 = Debug|Any CPU
		{CE538752-1E14-449D-A2FF-7E73C7D1DDFF}.Debug|ARM64.ActiveCfg = Debug|Any CPU
		{CE538752-1E14-449D-A2FF-7E73C7D1DDFF}.Debug|ARM64.Build.0 = Debug|Any CPU
		{CE538752-1E14-449D-A2FF-7E73C7D1DDFF}.Debug|x64.ActiveCfg = Debug|Any CPU
		{CE538752-1E14-449D-A2FF-7E73C7D1DDFF}.Debug|x64.Build.0 = Debug|Any CPU
		{CE538752-1E14-449D-A2FF-7E73C7D1DDFF}.Debug|x86.ActiveCfg = Debug|Any CPU
		{CE538752-1E14-449D-A2FF-7E73C7D1DDFF}.Debug|x86.Build.0 = Debug|Any CPU
		{CE538752-1E14-449D-A2FF-7E73C7D1DDFF}.Release|Any CPU.ActiveCfg = Release|Any CPU
		{CE538752-1E14-449D-A2FF-7E73C7D1DDFF}.Release|Any CPU.Build.0 = Release|Any CPU
		{CE538752-1E14-449D-A2FF-7E73C7D1DDFF}.Release|ARM.ActiveCfg = Release|Any CPU
		{CE538752-1E14-449D-A2FF-7E73C7D1DDFF}.Release|ARM.Build.0 = Release|Any CPU
		{CE538752-1E14-449D-A2FF-7E73C7D1DDFF}.Release|ARM64.ActiveCfg = Release|Any CPU
		{CE538752-1E14-449D-A2FF-7E73C7D1DDFF}.Release|ARM64.Build.0 = Release|Any CPU
		{CE538752-1E14-449D-A2FF-7E73C7D1DDFF}.Release|x64.ActiveCfg = Release|Any CPU
		{CE538752-1E14-449D-A2FF-7E73C7D1DDFF}.Release|x64.Build.0 = Release|Any CPU
		{CE538752-1E14-449D-A2FF-7E73C7D1DDFF}.Release|x86.ActiveCfg = Release|Any CPU
		{CE538752-1E14-449D-A2FF-7E73C7D1DDFF}.Release|x86.Build.0 = Release|Any CPU
		{60FC3C78-15AA-4124-8295-C52E70E8D0F1}.Debug|Any CPU.ActiveCfg = Debug|Any CPU
		{60FC3C78-15AA-4124-8295-C52E70E8D0F1}.Debug|Any CPU.Build.0 = Debug|Any CPU
		{60FC3C78-15AA-4124-8295-C52E70E8D0F1}.Debug|ARM.ActiveCfg = Debug|Any CPU
		{60FC3C78-15AA-4124-8295-C52E70E8D0F1}.Debug|ARM.Build.0 = Debug|Any CPU
		{60FC3C78-15AA-4124-8295-C52E70E8D0F1}.Debug|ARM64.ActiveCfg = Debug|Any CPU
		{60FC3C78-15AA-4124-8295-C52E70E8D0F1}.Debug|ARM64.Build.0 = Debug|Any CPU
		{60FC3C78-15AA-4124-8295-C52E70E8D0F1}.Debug|x64.ActiveCfg = Debug|Any CPU
		{60FC3C78-15AA-4124-8295-C52E70E8D0F1}.Debug|x64.Build.0 = Debug|Any CPU
		{60FC3C78-15AA-4124-8295-C52E70E8D0F1}.Debug|x86.ActiveCfg = Debug|Any CPU
		{60FC3C78-15AA-4124-8295-C52E70E8D0F1}.Debug|x86.Build.0 = Debug|Any CPU
		{60FC3C78-15AA-4124-8295-C52E70E8D0F1}.Release|Any CPU.ActiveCfg = Release|Any CPU
		{60FC3C78-15AA-4124-8295-C52E70E8D0F1}.Release|Any CPU.Build.0 = Release|Any CPU
		{60FC3C78-15AA-4124-8295-C52E70E8D0F1}.Release|ARM.ActiveCfg = Release|Any CPU
		{60FC3C78-15AA-4124-8295-C52E70E8D0F1}.Release|ARM.Build.0 = Release|Any CPU
		{60FC3C78-15AA-4124-8295-C52E70E8D0F1}.Release|ARM64.ActiveCfg = Release|Any CPU
		{60FC3C78-15AA-4124-8295-C52E70E8D0F1}.Release|ARM64.Build.0 = Release|Any CPU
		{60FC3C78-15AA-4124-8295-C52E70E8D0F1}.Release|x64.ActiveCfg = Release|Any CPU
		{60FC3C78-15AA-4124-8295-C52E70E8D0F1}.Release|x64.Build.0 = Release|Any CPU
		{60FC3C78-15AA-4124-8295-C52E70E8D0F1}.Release|x86.ActiveCfg = Release|Any CPU
		{60FC3C78-15AA-4124-8295-C52E70E8D0F1}.Release|x86.Build.0 = Release|Any CPU
		{A264DB97-4E2B-4D74-8CFB-059EFEB97964}.Debug|Any CPU.ActiveCfg = Debug|Any CPU
		{A264DB97-4E2B-4D74-8CFB-059EFEB97964}.Debug|Any CPU.Build.0 = Debug|Any CPU
		{A264DB97-4E2B-4D74-8CFB-059EFEB97964}.Debug|ARM.ActiveCfg = Debug|Any CPU
		{A264DB97-4E2B-4D74-8CFB-059EFEB97964}.Debug|ARM.Build.0 = Debug|Any CPU
		{A264DB97-4E2B-4D74-8CFB-059EFEB97964}.Debug|ARM64.ActiveCfg = Debug|Any CPU
		{A264DB97-4E2B-4D74-8CFB-059EFEB97964}.Debug|ARM64.Build.0 = Debug|Any CPU
		{A264DB97-4E2B-4D74-8CFB-059EFEB97964}.Debug|x64.ActiveCfg = Debug|Any CPU
		{A264DB97-4E2B-4D74-8CFB-059EFEB97964}.Debug|x64.Build.0 = Debug|Any CPU
		{A264DB97-4E2B-4D74-8CFB-059EFEB97964}.Debug|x86.ActiveCfg = Debug|Any CPU
		{A264DB97-4E2B-4D74-8CFB-059EFEB97964}.Debug|x86.Build.0 = Debug|Any CPU
		{A264DB97-4E2B-4D74-8CFB-059EFEB97964}.Release|Any CPU.ActiveCfg = Release|Any CPU
		{A264DB97-4E2B-4D74-8CFB-059EFEB97964}.Release|Any CPU.Build.0 = Release|Any CPU
		{A264DB97-4E2B-4D74-8CFB-059EFEB97964}.Release|ARM.ActiveCfg = Release|Any CPU
		{A264DB97-4E2B-4D74-8CFB-059EFEB97964}.Release|ARM.Build.0 = Release|Any CPU
		{A264DB97-4E2B-4D74-8CFB-059EFEB97964}.Release|ARM64.ActiveCfg = Release|Any CPU
		{A264DB97-4E2B-4D74-8CFB-059EFEB97964}.Release|ARM64.Build.0 = Release|Any CPU
		{A264DB97-4E2B-4D74-8CFB-059EFEB97964}.Release|x64.ActiveCfg = Release|Any CPU
		{A264DB97-4E2B-4D74-8CFB-059EFEB97964}.Release|x64.Build.0 = Release|Any CPU
		{A264DB97-4E2B-4D74-8CFB-059EFEB97964}.Release|x86.ActiveCfg = Release|Any CPU
		{A264DB97-4E2B-4D74-8CFB-059EFEB97964}.Release|x86.Build.0 = Release|Any CPU
		{007297BB-D56B-4A13-9314-F522CA51A131}.Debug|Any CPU.ActiveCfg = Debug|Any CPU
		{007297BB-D56B-4A13-9314-F522CA51A131}.Debug|Any CPU.Build.0 = Debug|Any CPU
		{007297BB-D56B-4A13-9314-F522CA51A131}.Debug|ARM.ActiveCfg = Debug|Any CPU
		{007297BB-D56B-4A13-9314-F522CA51A131}.Debug|ARM.Build.0 = Debug|Any CPU
		{007297BB-D56B-4A13-9314-F522CA51A131}.Debug|ARM64.ActiveCfg = Debug|Any CPU
		{007297BB-D56B-4A13-9314-F522CA51A131}.Debug|ARM64.Build.0 = Debug|Any CPU
		{007297BB-D56B-4A13-9314-F522CA51A131}.Debug|x64.ActiveCfg = Debug|Any CPU
		{007297BB-D56B-4A13-9314-F522CA51A131}.Debug|x64.Build.0 = Debug|Any CPU
		{007297BB-D56B-4A13-9314-F522CA51A131}.Debug|x86.ActiveCfg = Debug|Any CPU
		{007297BB-D56B-4A13-9314-F522CA51A131}.Debug|x86.Build.0 = Debug|Any CPU
		{007297BB-D56B-4A13-9314-F522CA51A131}.Release|Any CPU.ActiveCfg = Release|Any CPU
		{007297BB-D56B-4A13-9314-F522CA51A131}.Release|Any CPU.Build.0 = Release|Any CPU
		{007297BB-D56B-4A13-9314-F522CA51A131}.Release|ARM.ActiveCfg = Release|Any CPU
		{007297BB-D56B-4A13-9314-F522CA51A131}.Release|ARM.Build.0 = Release|Any CPU
		{007297BB-D56B-4A13-9314-F522CA51A131}.Release|ARM64.ActiveCfg = Release|Any CPU
		{007297BB-D56B-4A13-9314-F522CA51A131}.Release|ARM64.Build.0 = Release|Any CPU
		{007297BB-D56B-4A13-9314-F522CA51A131}.Release|x64.ActiveCfg = Release|Any CPU
		{007297BB-D56B-4A13-9314-F522CA51A131}.Release|x64.Build.0 = Release|Any CPU
		{007297BB-D56B-4A13-9314-F522CA51A131}.Release|x86.ActiveCfg = Release|Any CPU
		{007297BB-D56B-4A13-9314-F522CA51A131}.Release|x86.Build.0 = Release|Any CPU
	EndGlobalSection
	GlobalSection(SolutionProperties) = preSolution
		HideSolutionNode = FALSE
	EndGlobalSection
	GlobalSection(ExtensibilityGlobals) = postSolution
		SolutionGuid = {173CAE54-93E0-4781-8FCA-6908558984EE}
	EndGlobalSection
EndGlobal
