
Microsoft Visual Studio Solution File, Format Version 12.00
# Visual Studio 15
VisualStudioVersion = 15.0.28307.757
MinimumVisualStudioVersion = 10.0.40219.1
Project("{FAE04EC0-301F-11D3-BF4B-00C04F79EFBC}") = "SquareScape.Terminal", "SquareScape.Terminal\SquareScape.Terminal.csproj", "{1CD2E1FD-194A-4325-A527-6E13B61515D8}"
EndProject
Global
	GlobalSection(SolutionConfigurationPlatforms) = preSolution
		Debug|Any CPU = Debug|Any CPU
		Release|Any CPU = Release|Any CPU
	EndGlobalSection
	GlobalSection(ProjectConfigurationPlatforms) = postSolution
		{1CD2E1FD-194A-4325-A527-6E13B61515D8}.Debug|Any CPU.ActiveCfg = Debug|Any CPU
		{1CD2E1FD-194A-4325-A527-6E13B61515D8}.Debug|Any CPU.Build.0 = Debug|Any CPU
		{1CD2E1FD-194A-4325-A527-6E13B61515D8}.Release|Any CPU.ActiveCfg = Release|Any CPU
		{1CD2E1FD-194A-4325-A527-6E13B61515D8}.Release|Any CPU.Build.0 = Release|Any CPU
	EndGlobalSection
	GlobalSection(SolutionProperties) = preSolution
		HideSolutionNode = FALSE
	EndGlobalSection
	GlobalSection(ExtensibilityGlobals) = postSolution
		SolutionGuid = {173CAE54-93E0-4781-8FCA-6908558984EE}
	EndGlobalSection
EndGlobal
